PODS:
  - Alamofire (4.8.1)
  - SwiftyJSON (4.2.0)
  - Swinject (2.5.0)
  - SwinjectStoryboard (2.1.0):
    - Swinject (~> 2.5)

DEPENDENCIES:
  - Alamofire
  - SwiftyJSON
  - Swinject
  - SwinjectStoryboard

SPEC REPOS:
  https://github.com/cocoapods/specs.git:
    - Alamofire
    - SwiftyJSON
    - Swinject
    - SwinjectStoryboard

SPEC CHECKSUMS:
  Alamofire: 16ce2c353fb72865124ddae8a57c5942388f4f11
  SwiftyJSON: c4bcba26dd9ec7a027fc8eade48e2c911f229e96
  Swinject: 82cdb851f63f91bba974e3eca1d69780f2f7677e
  SwinjectStoryboard: 688f096033103e66ffcf6ca678211acd7d7be505

PODFILE CHECKSUM: 0c2ea353bb554d8ba77bd5cf477cd99ae2411b03

COCOAPODS: 1.6.0
